
Microsoft Visual Studio Solution File, Format Version 12.00
# Visual Studio 15
VisualStudioVersion = 15.0.26730.12
MinimumVisualStudioVersion = 10.0.40219.1
Project("{FAE04EC0-301F-11D3-BF4B-00C04F79EFBC}") = "CSharpLanguageBasics", "CSharpLanguageBasics\CSharpLanguageBasics.csproj", "{D22F0086-38F9-432F-8D9F-ED0704FFB20F}"
EndProject
Global
	GlobalSection(SolutionConfigurationPlatforms) = preSolution
		Debug|Any CPU = Debug|Any CPU
		Release|Any CPU = Release|Any CPU
	EndGlobalSection
	GlobalSection(ProjectConfigurationPlatforms) = postSolution
		{D22F0086-38F9-432F-8D9F-ED0704FFB20F}.Debug|Any CPU.ActiveCfg = Debug|Any CPU
		{D22F0086-38F9-432F-8D9F-ED0704FFB20F}.Debug|Any CPU.Build.0 = Debug|Any CPU
		{D22F0086-38F9-432F-8D9F-ED0704FFB20F}.Release|Any CPU.ActiveCfg = Release|Any CPU
		{D22F0086-38F9-432F-8D9F-ED0704FFB20F}.Release|Any CPU.Build.0 = Release|Any CPU
	EndGlobalSection
	GlobalSection(SolutionProperties) = preSolution
		HideSolutionNode = FALSE
	EndGlobalSection
	GlobalSection(ExtensibilityGlobals) = postSolution
		SolutionGuid = {53D6B90C-CE91-4F6F-93EC-3C729E25365F}
	EndGlobalSection
EndGlobal
